{
  "requires": true,
  "lockfileVersion": 1,
  "dependencies": {
    "vue-google-signin-button-directive": {
      "version": "1.0.2",
      "resolved": "https://registry.npmjs.org/vue-google-signin-button-directive/-/vue-google-signin-button-directive-1.0.2.tgz",
      "integrity": "sha512-inQi3LEPEedH3nIDfdAf6NsHgLUNPvlT2GrsDVfGMfy0LegH8zvbx2jsMx50YvNVY4dCPVw6KxP2XWFI2Bar0Q=="
    }
  }
}
